
Microsoft Visual Studio Solution File, Format Version 12.00
# Visual Studio Version 16
VisualStudioVersion = 16.0.32126.315
MinimumVisualStudioVersion = 10.0.40219.1
Project("{9A19103F-16F7-4668-BE54-9A1E7A4F7556}") = "School_Project", "School_Project.csproj", "{5B0AE9A5-C447-40AE-80B9-BC2D664628C0}"
EndProject
Project("{FAE04EC0-301F-11D3-BF4B-00C04F79EFBC}") = "WebApi", "..\WebApi\WebApi.csproj", "{816F8871-2717-411F-8218-99097EEB6CCB}"
EndProject
Project("{FAE04EC0-301F-11D3-BF4B-00C04F79EFBC}") = "SharedData", "..\SharedData\SharedData.csproj", "{B110E99D-08E4-4814-ADCA-277B167587A9}"
EndProject
Global
	GlobalSection(SolutionConfigurationPlatforms) = preSolution
		Debug|Any CPU = Debug|Any CPU
		Release|Any CPU = Release|Any CPU
	EndGlobalSection
	GlobalSection(ProjectConfigurationPlatforms) = postSolution
		{5B0AE9A5-C447-40AE-80B9-BC2D664628C0}.Debug|Any CPU.ActiveCfg = Debug|Any CPU
		{5B0AE9A5-C447-40AE-80B9-BC2D664628C0}.Debug|Any CPU.Build.0 = Debug|Any CPU
		{5B0AE9A5-C447-40AE-80B9-BC2D664628C0}.Release|Any CPU.ActiveCfg = Release|Any CPU
		{5B0AE9A5-C447-40AE-80B9-BC2D664628C0}.Release|Any CPU.Build.0 = Release|Any CPU
		{816F8871-2717-411F-8218-99097EEB6CCB}.Debug|Any CPU.ActiveCfg = Debug|Any CPU
		{816F8871-2717-411F-8218-99097EEB6CCB}.Debug|Any CPU.Build.0 = Debug|Any CPU
		{816F8871-2717-411F-8218-99097EEB6CCB}.Release|Any CPU.ActiveCfg = Release|Any CPU
		{816F8871-2717-411F-8218-99097EEB6CCB}.Release|Any CPU.Build.0 = Release|Any CPU
		{B110E99D-08E4-4814-ADCA-277B167587A9}.Debug|Any CPU.ActiveCfg = Debug|Any CPU
		{B110E99D-08E4-4814-ADCA-277B167587A9}.Debug|Any CPU.Build.0 = Debug|Any CPU
		{B110E99D-08E4-4814-ADCA-277B167587A9}.Release|Any CPU.ActiveCfg = Release|Any CPU
		{B110E99D-08E4-4814-ADCA-277B167587A9}.Release|Any CPU.Build.0 = Release|Any CPU
	EndGlobalSection
	GlobalSection(SolutionProperties) = preSolution
		HideSolutionNode = FALSE
	EndGlobalSection
	GlobalSection(ExtensibilityGlobals) = postSolution
		SolutionGuid = {6D63117B-9686-4820-BFFE-B2808619F653}
	EndGlobalSection
EndGlobal
